<?xml version="1.0" encoding="utf-8"?>
<Project ToolsVersion="4.0" xmlns="http://schemas.microsoft.com/developer/msbuild/2003">
  <ItemGroup>
    <Filter Include="Source Files">
      <UniqueIdentifier>{4FC737F1-C7A5-4376-A066-2A32D752A2FF}</UniqueIdentifier>
      <Extensions>cpp;c;cc;cxx;def;odl;idl;hpj;bat;asm;asmx</Extensions>
    </Filter>
    <Filter Include="Header Files">
      <UniqueIdentifier>{93995380-89BD-4b04-88EB-625FBE52EBFB}</UniqueIdentifier>
      <Extensions>h;hh;hpp;hxx;hm;inl;inc;xsd</Extensions>
    </Filter>
    <Filter Include="Resource Files">
      <UniqueIdentifier>{67DA6AB6-F800-4c08-8B7A-83BB121AAD01}</UniqueIdentifier>
      <Extensions>rc;ico;cur;bmp;dlg;rc2;rct;bin;rgs;gif;jpg;jpeg;jpe;resx;tiff;tif;png;wav;mfcribbon-ms</Extensions>
    </Filter>
    <Filter Include="Header Files\Math">
      <UniqueIdentifier>{ae5e0aa9-453f-4425-a034-2afdcf097647}</UniqueIdentifier>
    </Filter>
    <Filter Include="Header Files\System">
      <UniqueIdentifier>{f95976c7-bca3-4f8f-a626-a3bdb476f8a2}</UniqueIdentifier>
    </Filter>
    <Filter Include="Source Files\System">
      <UniqueIdentifier>{974cab1b-d9a8-4300-9381-2f7ce735b231}</UniqueIdentifier>
    </Filter>
    <Filter Include="Source Files\Math">
      <UniqueIdentifier>{79fdc031-9498-407d-9a4f-7321129df5c2}</UniqueIdentifier>
    </Filter>
    <Filter Include="Header Files\I/O">
      <UniqueIdentifier>{10181084-618f-443b-b88b-a01be6b56c61}</UniqueIdentifier>
    </Filter>
    <Filter Include="Source Files\I/O">
      <UniqueIdentifier>{2ca484f1-dec9-4437-b529-d48bcecfb613}</UniqueIdentifier>
    </Filter>
    <Filter Include="Header Files\Date">
      <UniqueIdentifier>{d89eab71-bdfc-456a-90ec-81dc576073ec}</UniqueIdentifier>
    </Filter>
    <Filter Include="Source Files\Date">
      <UniqueIdentifier>{0ed1705a-27cc-4914-b425-e6c676f41d11}</UniqueIdentifier>
    </Filter>
  </ItemGroup>
  <ItemGroup>
    <ClCompile Include="VirtualMachine.cpp">
      <Filter>Source Files</Filter>
    </ClCompile>
    <ClCompile Include="InternalFunctionFactory.cpp">
      <Filter>Source Files</Filter>
    </ClCompile>
    <ClCompile Include="ConsoleInput.cpp">
      <Filter>Source Files\System</Filter>
    </ClCompile>
    <ClCompile Include="FormatString.cpp">
      <Filter>Source Files\System</Filter>
    </ClCompile>
    <ClCompile Include="Print.cpp">
      <Filter>Source Files\System</Filter>
    </ClCompile>
    <ClCompile Include="Cos.cpp">
      <Filter>Source Files\Math</Filter>
    </ClCompile>
    <ClCompile Include="Log.cpp">
      <Filter>Source Files\Math</Filter>
    </ClCompile>
    <ClCompile Include="Pow.cpp">
      <Filter>Source Files\Math</Filter>
    </ClCompile>
    <ClCompile Include="Sin.cpp">
      <Filter>Source Files\Math</Filter>
    </ClCompile>
    <ClCompile Include="Tan.cpp">
      <Filter>Source Files\Math</Filter>
    </ClCompile>
    <ClCompile Include="SquareRoot.cpp">
      <Filter>Source Files\Math</Filter>
    </ClCompile>
    <ClCompile Include="Random.cpp">
      <Filter>Source Files\Math</Filter>
    </ClCompile>
    <ClCompile Include="Invert.cpp">
      <Filter>Source Files\Math</Filter>
    </ClCompile>
    <ClCompile Include="ReadFile.cpp">
      <Filter>Source Files\I/O</Filter>
    </ClCompile>
    <ClCompile Include="ReadFileLines.cpp">
      <Filter>Source Files\I/O</Filter>
    </ClCompile>
    <ClCompile Include="SaveFile.cpp">
      <Filter>Source Files\I/O</Filter>
    </ClCompile>
    <ClCompile Include="WriteToEndOfFile.cpp">
      <Filter>Source Files\I/O</Filter>
    </ClCompile>
    <ClCompile Include="DateTime.cpp">
      <Filter>Source Files\Date</Filter>
    </ClCompile>
    <ClCompile Include="Time.cpp">
      <Filter>Source Files\Date</Filter>
    </ClCompile>
    <ClCompile Include="Date.cpp">
      <Filter>Source Files\Date</Filter>
    </ClCompile>
  </ItemGroup>
  <ItemGroup>
    <ClInclude Include="VirtualMachine.h">
      <Filter>Header Files</Filter>
    </ClInclude>
    <ClInclude Include="IinternalFunction.h">
      <Filter>Header Files</Filter>
    </ClInclude>
    <ClInclude Include="InternalFunctionFactory.h">
      <Filter>Header Files</Filter>
    </ClInclude>
    <ClInclude Include="ConsoleInput.h">
      <Filter>Header Files\System</Filter>
    </ClInclude>
    <ClInclude Include="Print.h">
      <Filter>Header Files\System</Filter>
    </ClInclude>
    <ClInclude Include="FormatString.h">
      <Filter>Header Files\System</Filter>
    </ClInclude>
    <ClInclude Include="Cos.h">
      <Filter>Header Files\Math</Filter>
    </ClInclude>
    <ClInclude Include="Log.h">
      <Filter>Header Files\Math</Filter>
    </ClInclude>
    <ClInclude Include="Pow.h">
      <Filter>Header Files\Math</Filter>
    </ClInclude>
    <ClInclude Include="Sin.h">
      <Filter>Header Files\Math</Filter>
    </ClInclude>
    <ClInclude Include="Tan.h">
      <Filter>Header Files\Math</Filter>
    </ClInclude>
    <ClInclude Include="SquareRoot.h">
      <Filter>Header Files\Math</Filter>
    </ClInclude>
    <ClInclude Include="Random.h">
      <Filter>Header Files\Math</Filter>
    </ClInclude>
    <ClInclude Include="Invert.h">
      <Filter>Header Files\Math</Filter>
    </ClInclude>
    <ClInclude Include="ReadFile.h">
      <Filter>Header Files\I/O</Filter>
    </ClInclude>
    <ClInclude Include="ReadFileLines.h">
      <Filter>Header Files\I/O</Filter>
    </ClInclude>
    <ClInclude Include="SaveFile.h">
      <Filter>Header Files\I/O</Filter>
    </ClInclude>
    <ClInclude Include="WriteToEndOfFile.h">
      <Filter>Header Files\I/O</Filter>
    </ClInclude>
    <ClInclude Include="DateTime.h">
      <Filter>Header Files\Date</Filter>
    </ClInclude>
    <ClInclude Include="Time.h">
      <Filter>Header Files\Date</Filter>
    </ClInclude>
    <ClInclude Include="Date.h">
      <Filter>Header Files\Date</Filter>
    </ClInclude>
    <ClInclude Include="ExceptionCodes.h">
      <Filter>Header Files</Filter>
    </ClInclude>
  </ItemGroup>
</Project>